
Microsoft Visual Studio Solution File, Format Version 12.00
# Visual Studio 15
VisualStudioVersion = 15.0.26124.0
MinimumVisualStudioVersion = 15.0.26124.0
Project("{FAE04EC0-301F-11D3-BF4B-00C04F79EFBC}") = "GameTOP", "GameTOP\GameTOP.csproj", "{7BA12BBF-401B-4E09-A23F-67B4742C9953}"
EndProject
Project("{FAE04EC0-301F-11D3-BF4B-00C04F79EFBC}") = "GameTop.Lib", "GameTop.Lib\GameTop.Lib.csproj", "{AD90B2DA-282D-4CC0-802D-A3B3130CC5B9}"
EndProject
Project("{FAE04EC0-301F-11D3-BF4B-00C04F79EFBC}") = "GameTOP.Interface", "GameTOP.Interface\GameTOP.Interface.csproj", "{CE736B8A-261B-424B-92A2-68ABF2930922}"
EndProject
Global
	GlobalSection(SolutionConfigurationPlatforms) = preSolution
		Debug|Any CPU = Debug|Any CPU
		Debug|x64 = Debug|x64
		Debug|x86 = Debug|x86
		Release|Any CPU = Release|Any CPU
		Release|x64 = Release|x64
		Release|x86 = Release|x86
	EndGlobalSection
	GlobalSection(SolutionProperties) = preSolution
		HideSolutionNode = FALSE
	EndGlobalSection
	GlobalSection(ProjectConfigurationPlatforms) = postSolution
		{7BA12BBF-401B-4E09-A23F-67B4742C9953}.Debug|Any CPU.ActiveCfg = Debug|Any CPU
		{7BA12BBF-401B-4E09-A23F-67B4742C9953}.Debug|Any CPU.Build.0 = Debug|Any CPU
		{7BA12BBF-401B-4E09-A23F-67B4742C9953}.Debug|x64.ActiveCfg = Debug|Any CPU
		{7BA12BBF-401B-4E09-A23F-67B4742C9953}.Debug|x64.Build.0 = Debug|Any CPU
		{7BA12BBF-401B-4E09-A23F-67B4742C9953}.Debug|x86.ActiveCfg = Debug|Any CPU
		{7BA12BBF-401B-4E09-A23F-67B4742C9953}.Debug|x86.Build.0 = Debug|Any CPU
		{7BA12BBF-401B-4E09-A23F-67B4742C9953}.Release|Any CPU.ActiveCfg = Release|Any CPU
		{7BA12BBF-401B-4E09-A23F-67B4742C9953}.Release|Any CPU.Build.0 = Release|Any CPU
		{7BA12BBF-401B-4E09-A23F-67B4742C9953}.Release|x64.ActiveCfg = Release|Any CPU
		{7BA12BBF-401B-4E09-A23F-67B4742C9953}.Release|x64.Build.0 = Release|Any CPU
		{7BA12BBF-401B-4E09-A23F-67B4742C9953}.Release|x86.ActiveCfg = Release|Any CPU
		{7BA12BBF-401B-4E09-A23F-67B4742C9953}.Release|x86.Build.0 = Release|Any CPU
		{AD90B2DA-282D-4CC0-802D-A3B3130CC5B9}.Debug|Any CPU.ActiveCfg = Debug|Any CPU
		{AD90B2DA-282D-4CC0-802D-A3B3130CC5B9}.Debug|Any CPU.Build.0 = Debug|Any CPU
		{AD90B2DA-282D-4CC0-802D-A3B3130CC5B9}.Debug|x64.ActiveCfg = Debug|Any CPU
		{AD90B2DA-282D-4CC0-802D-A3B3130CC5B9}.Debug|x64.Build.0 = Debug|Any CPU
		{AD90B2DA-282D-4CC0-802D-A3B3130CC5B9}.Debug|x86.ActiveCfg = Debug|Any CPU
		{AD90B2DA-282D-4CC0-802D-A3B3130CC5B9}.Debug|x86.Build.0 = Debug|Any CPU
		{AD90B2DA-282D-4CC0-802D-A3B3130CC5B9}.Release|Any CPU.ActiveCfg = Release|Any CPU
		{AD90B2DA-282D-4CC0-802D-A3B3130CC5B9}.Release|Any CPU.Build.0 = Release|Any CPU
		{AD90B2DA-282D-4CC0-802D-A3B3130CC5B9}.Release|x64.ActiveCfg = Release|Any CPU
		{AD90B2DA-282D-4CC0-802D-A3B3130CC5B9}.Release|x64.Build.0 = Release|Any CPU
		{AD90B2DA-282D-4CC0-802D-A3B3130CC5B9}.Release|x86.ActiveCfg = Release|Any CPU
		{AD90B2DA-282D-4CC0-802D-A3B3130CC5B9}.Release|x86.Build.0 = Release|Any CPU
		{CE736B8A-261B-424B-92A2-68ABF2930922}.Debug|Any CPU.ActiveCfg = Debug|Any CPU
		{CE736B8A-261B-424B-92A2-68ABF2930922}.Debug|Any CPU.Build.0 = Debug|Any CPU
		{CE736B8A-261B-424B-92A2-68ABF2930922}.Debug|x64.ActiveCfg = Debug|Any CPU
		{CE736B8A-261B-424B-92A2-68ABF2930922}.Debug|x64.Build.0 = Debug|Any CPU
		{CE736B8A-261B-424B-92A2-68ABF2930922}.Debug|x86.ActiveCfg = Debug|Any CPU
		{CE736B8A-261B-424B-92A2-68ABF2930922}.Debug|x86.Build.0 = Debug|Any CPU
		{CE736B8A-261B-424B-92A2-68ABF2930922}.Release|Any CPU.ActiveCfg = Release|Any CPU
		{CE736B8A-261B-424B-92A2-68ABF2930922}.Release|Any CPU.Build.0 = Release|Any CPU
		{CE736B8A-261B-424B-92A2-68ABF2930922}.Release|x64.ActiveCfg = Release|Any CPU
		{CE736B8A-261B-424B-92A2-68ABF2930922}.Release|x64.Build.0 = Release|Any CPU
		{CE736B8A-261B-424B-92A2-68ABF2930922}.Release|x86.ActiveCfg = Release|Any CPU
		{CE736B8A-261B-424B-92A2-68ABF2930922}.Release|x86.Build.0 = Release|Any CPU
	EndGlobalSection
EndGlobal
